{
  "version": 4,
  "terraform_version": "0.12.26",
  "serial": 5,
  "lineage": "c2ef6624-5a0d-f281-3f4b-af73a2749f79",
  "outputs": {},
  "resources": [
    {
      "mode": "managed",
      "type": "google_container_cluster",
      "name": "gke-cluster",
      "provider": "provider.google",
      "instances": [
        {
          "schema_version": 1,
          "attributes": {
            "additional_zones": [],
            "addons_config": [
              {
                "cloudrun_config": [],
                "horizontal_pod_autoscaling": [],
                "http_load_balancing": [],
                "kubernetes_dashboard": [],
                "network_policy_config": [
                  {
                    "disabled": true
                  }
                ]
              }
            ],
            "authenticator_groups_config": [],
            "cluster_autoscaling": [
              {
                "auto_provisioning_defaults": [],
                "enabled": false,
                "resource_limits": []
              }
            ],
            "cluster_ipv4_cidr": "10.40.0.0/14",
            "database_encryption": [
              {
                "key_name": "",
                "state": "DECRYPTED"
              }
            ],
            "default_max_pods_per_node": null,
            "description": "",
            "enable_binary_authorization": false,
            "enable_intranode_visibility": null,
            "enable_kubernetes_alpha": false,
            "enable_legacy_abac": false,
            "enable_shielded_nodes": false,
            "enable_tpu": null,
            "endpoint": "34.95.12.123",
            "id": "projects/gke-tf-ning/locations/northamerica-northeast1-b/clusters/ning-gke-cluster",
            "initial_node_count": 3,
            "instance_group_urls": [
              "https://www.googleapis.com/compute/v1/projects/gke-tf-ning/zones/northamerica-northeast1-b/instanceGroups/gke-ning-gke-cluster-default-pool-07bb485e-grp"
            ],
            "ip_allocation_policy": [],
            "label_fingerprint": "a9dc16a7",
            "location": "northamerica-northeast1-b",
            "logging_service": "logging.googleapis.com/kubernetes",
            "maintenance_policy": [],
            "master_auth": [
              {
                "client_certificate": "",
                "client_certificate_config": [
                  {
                    "issue_client_certificate": false
                  }
                ],
                "client_key": "",
                "cluster_ca_certificate": "LS0tLS1CRUdJTiBDRVJUSUZJQ0FURS0tLS0tCk1JSURLakNDQWhLZ0F3SUJBZ0lRTlFSWWtGdC9BOXhXZmJrM3N6RG1XVEFOQmdrcWhraUc5dzBCQVFzRkFEQXYKTVMwd0t3WURWUVFERXlRMU9EWmpObU14TlMxbE1UWTFMVFEwTVRRdE9UTTJaQzA1T1RabU56RTROR1ptWlRVdwpIaGNOTWpBd09ETXhNREEwTXpNMVdoY05NalV3T0RNd01ERTBNek0xV2pBdk1TMHdLd1lEVlFRREV5UTFPRFpqCk5tTXhOUzFsTVRZMUxUUTBNVFF0T1RNMlpDMDVPVFptTnpFNE5HWm1aVFV3Z2dFaU1BMEdDU3FHU0liM0RRRUIKQVFVQUE0SUJEd0F3Z2dFS0FvSUJBUURIcnFiaENBeW10ZkpxdHZEbzJvTU1KQ21rRzJVNlNPdmZEWlQ0NWxvbgovWlI2S2J0Wml5cmFVZVNFMGNvUGdoK3UvaHJxQ3h5Wmk3RWZMbWIwU2Y5L3hXU3V5VTFOSHJBK0Frd1JQRmV0ClFMckFPTnBvTW1HTzlyc3R2WVpFbGx0dkN3SnZad1FPaHIrdU9sTkN6VmY4VWQrd291RmFYc21vNml2S3htZ0sKUWx5QU52bUp1QlpBbzdKcm0xKzJLQkt0OUJIU3lRMXJNeG00d09wN1pJaU92bnZqYU1BNEJ4Q3QyQng4d2NteApURUdMbUM2cE9udFdWQWh2SlpSRXBiaFQ3Y1JYOVdpdVBkN3EvZ2lKTlNxZ3RDOXhGbUl5SzFBMkFVSW1QWHI1CkZ1ODE0RDV6bjMvbTR2L3VveHU5OW5tU1BYaDFNQ0hQRTV4cWVmSVNFR3k5QWdNQkFBR2pRakJBTUE0R0ExVWQKRHdFQi93UUVBd0lDQkRBUEJnTlZIUk1CQWY4RUJUQURBUUgvTUIwR0ExVWREZ1FXQkJTOW1IK1hKN0YzSEdGTwpPN1BCOThzdlFKT3F5akFOQmdrcWhraUc5dzBCQVFzRkFBT0NBUUVBbkxubktyVFVjUy94dFBQR0wvWExyd0QxCklaL051eTArWmJDN3dUZFlQRXJ2L3M1RktlN0F6Q2ZZVE0xbTJuZkZmczFXckhKQzEzRUpIZWh2RmZyc2tkTEsKbFUwdXJleno2czFMaEU2UG9scUp4K1REcWNTV3FiTW9LTzRNcSs1R0ZFUWs2OFZZaWp6Q1BoTHU2Y2ZwWVhPTgorb0VGYS9wWmdDVUczNmNuVmxTUG8vK0g2aCtUVEIzNDVtTVhjYjE4d2VOVHc0ZDEzemhmSzBxOEN3U2VIUGZjCmhCK2lyRkxReWhHQ0UycTZmdkhLRndubzJlZWwxOFhTdzltbjN0MDEwS2NzanRKeXRDcUkrRWdmSWI2Y3RlSkwKeGsvRkpqOUJFQVczMnNSUnVDUkhOOENUR2R6dkpaUGxVZ0ZnbEtDZjhaakNrTWh2WWRZM3NEOGJCYmZycWc9PQotLS0tLUVORCBDRVJUSUZJQ0FURS0tLS0tCg==",
                "password": "",
                "username": ""
              }
            ],
            "master_authorized_networks_config": [],
            "master_version": "1.15.12-gke.2",
            "min_master_version": null,
            "monitoring_service": "monitoring.googleapis.com/kubernetes",
            "name": "ning-gke-cluster",
            "network": "projects/gke-tf-ning/global/networks/default",
            "network_policy": [
              {
                "enabled": false,
                "provider": "PROVIDER_UNSPECIFIED"
              }
            ],
            "node_config": [
              {
                "disk_size_gb": 100,
                "disk_type": "pd-standard",
                "guest_accelerator": [],
                "image_type": "COS",
                "labels": {},
                "local_ssd_count": 0,
                "machine_type": "n1-standard-1",
                "metadata": {
                  "disable-legacy-endpoints": "true"
                },
                "min_cpu_platform": "",
                "oauth_scopes": [
                  "https://www.googleapis.com/auth/devstorage.read_only",
                  "https://www.googleapis.com/auth/logging.write",
                  "https://www.googleapis.com/auth/monitoring",
                  "https://www.googleapis.com/auth/service.management.readonly",
                  "https://www.googleapis.com/auth/servicecontrol",
                  "https://www.googleapis.com/auth/trace.append"
                ],
                "preemptible": false,
                "sandbox_config": [],
                "service_account": "default",
                "shielded_instance_config": [
                  {
                    "enable_integrity_monitoring": true,
                    "enable_secure_boot": false
                  }
                ],
                "tags": [],
                "taint": [],
                "workload_metadata_config": []
              }
            ],
            "node_locations": [],
            "node_pool": [
              {
                "autoscaling": [],
                "initial_node_count": 3,
                "instance_group_urls": [
                  "https://www.googleapis.com/compute/v1/projects/gke-tf-ning/zones/northamerica-northeast1-b/instanceGroupManagers/gke-ning-gke-cluster-default-pool-07bb485e-grp"
                ],
                "management": [
                  {
                    "auto_repair": true,
                    "auto_upgrade": true
                  }
                ],
                "max_pods_per_node": 0,
                "name": "default-pool",
                "name_prefix": "",
                "node_config": [
                  {
                    "disk_size_gb": 100,
                    "disk_type": "pd-standard",
                    "guest_accelerator": [],
                    "image_type": "COS",
                    "labels": {},
                    "local_ssd_count": 0,
                    "machine_type": "n1-standard-1",
                    "metadata": {
                      "disable-legacy-endpoints": "true"
                    },
                    "min_cpu_platform": "",
                    "oauth_scopes": [
                      "https://www.googleapis.com/auth/devstorage.read_only",
                      "https://www.googleapis.com/auth/logging.write",
                      "https://www.googleapis.com/auth/monitoring",
                      "https://www.googleapis.com/auth/service.management.readonly",
                      "https://www.googleapis.com/auth/servicecontrol",
                      "https://www.googleapis.com/auth/trace.append"
                    ],
                    "preemptible": false,
                    "sandbox_config": [],
                    "service_account": "default",
                    "shielded_instance_config": [
                      {
                        "enable_integrity_monitoring": true,
                        "enable_secure_boot": false
                      }
                    ],
                    "tags": [],
                    "taint": [],
                    "workload_metadata_config": []
                  }
                ],
                "node_count": 3,
                "node_locations": [
                  "northamerica-northeast1-b"
                ],
                "upgrade_settings": [
                  {
                    "max_surge": 1,
                    "max_unavailable": 0
                  }
                ],
                "version": "1.15.12-gke.2"
              }
            ],
            "node_version": "1.15.12-gke.2",
            "operation": null,
            "pod_security_policy_config": [],
            "private_cluster_config": [],
            "project": "gke-tf-ning",
            "region": null,
            "release_channel": [
              {
                "channel": "UNSPECIFIED"
              }
            ],
            "remove_default_node_pool": null,
            "resource_labels": {},
            "resource_usage_export_config": [],
            "services_ipv4_cidr": "10.43.240.0/20",
            "subnetwork": "projects/gke-tf-ning/regions/northamerica-northeast1/subnetworks/default",
            "timeouts": null,
            "vertical_pod_autoscaling": [],
            "workload_identity_config": [],
            "zone": null
          },
          "private": "eyJlMmJmYjczMC1lY2FhLTExZTYtOGY4OC0zNDM2M2JjN2M0YzAiOnsiY3JlYXRlIjoyNDAwMDAwMDAwMDAwLCJkZWxldGUiOjI0MDAwMDAwMDAwMDAsInJlYWQiOjI0MDAwMDAwMDAwMDAsInVwZGF0ZSI6MzYwMDAwMDAwMDAwMH0sInNjaGVtYV92ZXJzaW9uIjoiMSJ9"
        }
      ]
    },
    {
      "mode": "managed",
      "type": "google_container_node_pool",
      "name": "extra-pool",
      "provider": "provider.google",
      "instances": [
        {
          "schema_version": 1,
          "attributes": {
            "autoscaling": [],
            "cluster": "ning-gke-cluster",
            "id": "projects/gke-tf-ning/locations/northamerica-northeast1-b/clusters/ning-gke-cluster/nodePools/extra-node-pool",
            "initial_node_count": 3,
            "instance_group_urls": [
              "https://www.googleapis.com/compute/v1/projects/gke-tf-ning/zones/northamerica-northeast1-b/instanceGroupManagers/gke-ning-gke-cluster-extra-node-pool-844519a2-grp"
            ],
            "location": "northamerica-northeast1-b",
            "management": [
              {
                "auto_repair": true,
                "auto_upgrade": true
              }
            ],
            "max_pods_per_node": null,
            "name": "extra-node-pool",
            "name_prefix": "",
            "node_config": [
              {
                "disk_size_gb": 100,
                "disk_type": "pd-standard",
                "guest_accelerator": [],
                "image_type": "COS",
                "labels": {},
                "local_ssd_count": 0,
                "machine_type": "n1-standard-1",
                "metadata": {
                  "disable-legacy-endpoints": "true"
                },
                "min_cpu_platform": "",
                "oauth_scopes": [
                  "https://www.googleapis.com/auth/devstorage.read_only",
                  "https://www.googleapis.com/auth/logging.write",
                  "https://www.googleapis.com/auth/monitoring",
                  "https://www.googleapis.com/auth/service.management.readonly",
                  "https://www.googleapis.com/auth/servicecontrol",
                  "https://www.googleapis.com/auth/trace.append"
                ],
                "preemptible": false,
                "sandbox_config": [],
                "service_account": "default",
                "shielded_instance_config": [
                  {
                    "enable_integrity_monitoring": true,
                    "enable_secure_boot": false
                  }
                ],
                "tags": [],
                "taint": [],
                "workload_metadata_config": []
              }
            ],
            "node_count": 3,
            "node_locations": [
              "northamerica-northeast1-b"
            ],
            "project": "gke-tf-ning",
            "region": null,
            "timeouts": null,
            "upgrade_settings": [
              {
                "max_surge": 1,
                "max_unavailable": 0
              }
            ],
            "version": "1.15.12-gke.2",
            "zone": null
          },
          "private": "eyJlMmJmYjczMC1lY2FhLTExZTYtOGY4OC0zNDM2M2JjN2M0YzAiOnsiY3JlYXRlIjoxODAwMDAwMDAwMDAwLCJkZWxldGUiOjE4MDAwMDAwMDAwMDAsInVwZGF0ZSI6MTgwMDAwMDAwMDAwMH0sInNjaGVtYV92ZXJzaW9uIjoiMSJ9",
          "dependencies": [
            "google_container_cluster.gke-cluster"
          ]
        }
      ]
    }
  ]
}
